PODS:
  - ActiveLabel (1.1.0)
  - Alamofire (5.4.1)
  - Amplify (1.6.1):
    - Amplify/Default (= 1.6.1)
  - Amplify/Default (1.6.1)
  - AmplifyPlugins/AWSCognitoAuthPlugin (1.6.1):
    - AWSAuthCore (~> 2.23.0)
    - AWSCognitoIdentityProvider (~> 2.23.0)
    - AWSCognitoIdentityProviderASF (~> 2.23.0)
    - AWSCore (~> 2.23.0)
    - AWSMobileClient (~> 2.23.0)
    - AWSPluginsCore (= 1.6.1)
  - AWSAuthCore (2.23.1):
    - AWSCore (= 2.23.1)
  - AWSCognitoIdentityProvider (2.23.1):
    - AWSCognitoIdentityProviderASF (= 2.23.1)
    - AWSCore (= 2.23.1)
  - AWSCognitoIdentityProviderASF (2.23.1)
  - AWSCore (2.23.1)
  - AWSMobileClient (2.23.1):
    - AWSAuthCore (= 2.23.1)
    - AWSCognitoIdentityProvider (= 2.23.1)
    - AWSCognitoIdentityProviderASF (= 2.23.1)
    - AWSCore (= 2.23.1)
  - AWSPluginsCore (1.6.1):
    - Amplify (= 1.6.1)
    - AWSCore (~> 2.23.0)
  - FloatingPanel (1.7.6)
  - Ipify (2.1.0)
  - JGProgressHUD (2.0.4)
  - KeychainAccess (3.2.1)
  - OpenSSL-Apple (1.1.1j.11)
  - ReachabilitySwift (5.0.0)
  - SnapKit (5.0.1)
  - SwiftyBeaver (1.9.3)
  - SwiftyStoreKit (0.15.0)
  - TunnelKit (2.2.7):
    - TunnelKit/Protocols/OpenVPN (= 2.2.7)
  - TunnelKit/AppExtension (2.2.7):
    - SwiftyBeaver
    - TunnelKit/Core
  - TunnelKit/Core (2.2.7):
    - SwiftyBeaver
  - TunnelKit/Protocols/OpenVPN (2.2.7):
    - OpenSSL-Apple (~> 1.1.1g.6)
    - TunnelKit/AppExtension
    - TunnelKit/Core

DEPENDENCIES:
  - ActiveLabel (~> 1.1.0)
  - Alamofire
  - Amplify
  - AmplifyPlugins/AWSCognitoAuthPlugin
  - FloatingPanel (~> 1.7.2)
  - Ipify
  - JGProgressHUD (~> 2.0.3)
  - KeychainAccess (~> 3.2.0)
  - ReachabilitySwift (~> 5.0.0)
  - SnapKit (~> 5.0.1)
  - SwiftyStoreKit (~> 0.15.0)
  - TunnelKit (~> 2.2.7)

SPEC REPOS:
  trunk:
    - ActiveLabel
    - Alamofire
    - Amplify
    - AmplifyPlugins
    - AWSAuthCore
    - AWSCognitoIdentityProvider
    - AWSCognitoIdentityProviderASF
    - AWSCore
    - AWSMobileClient
    - AWSPluginsCore
    - FloatingPanel
    - Ipify
    - JGProgressHUD
    - KeychainAccess
    - OpenSSL-Apple
    - ReachabilitySwift
    - SnapKit
    - SwiftyBeaver
    - SwiftyStoreKit
    - TunnelKit

SPEC CHECKSUMS:
  ActiveLabel: 5e3f4de79a1952d4604b845a0610d4776e4b82b3
  Alamofire: 2291f7d21ca607c491dd17642e5d40fdcda0e65c
  Amplify: 4d0c3b0871e1f268c81ce5e9b65532df0a013900
  AmplifyPlugins: 51dfaeafe662cd571c4d4dfd3bdc5987fef2d5a7
  AWSAuthCore: d9f9c418df00f45f399e407dc6c2bce33870b0af
  AWSCognitoIdentityProvider: 8bf316cc96554d4c88ca4b1dcae0589923fb95f5
  AWSCognitoIdentityProviderASF: f9b0d373dfce6d5395f0b69f2301f5db927d9fc8
  AWSCore: 48bf561f5fb3616ef42c1f7f3eeb4b502d11f69d
  AWSMobileClient: ffe1179b9e6d5db7cea3f807df7d47f5d00a5c65
  AWSPluginsCore: f41f8a478fe3fd8839ec16278b86dededefb0628
  FloatingPanel: 9016eac88f21ca9fce53f5709e1f49485c0c355e
  Ipify: 814952650290001bee4542db6fba63df128f77c2
  JGProgressHUD: 62658b14e72cccf179efc7a13bcb54d30b92fc22
  KeychainAccess: d5470352939ced6d6f7fb51cb2e67aae51fc294f
  OpenSSL-Apple: bb7c9715a259404de040f5359ed3b3170cedf8d6
  ReachabilitySwift: 985039c6f7b23a1da463388634119492ff86c825
  SnapKit: 97b92857e3df3a0c71833cce143274bf6ef8e5eb
  SwiftyBeaver: 2e8acd6fc90c6d0a27055867a290794926d57c02
  SwiftyStoreKit: 033d06b6f87955405d3f844a18a7687c2438592a
  TunnelKit: cbd063b8b6f4f6a182cf48e646ff35cb2365bf91

PODFILE CHECKSUM: 5de5d9c7f0b6655dbf54f59f45b3e82d279b1c6f

COCOAPODS: 1.10.1
