PODS:
  - ActiveLabel (1.1.0)
  - Alamofire (5.4.2)
  - Amplify (1.7.2):
    - Amplify/Default (= 1.7.2)
  - Amplify/Default (1.7.2)
  - AmplifyPlugins/AWSCognitoAuthPlugin (1.7.2):
    - AWSAuthCore (~> 2.23.0)
    - AWSCognitoIdentityProvider (~> 2.23.0)
    - AWSCognitoIdentityProviderASF (~> 2.23.0)
    - AWSCore (~> 2.23.0)
    - AWSMobileClient (~> 2.23.0)
    - AWSPluginsCore (= 1.7.2)
  - AWSAuthCore (2.23.2):
    - AWSCore (= 2.23.2)
  - AWSCognitoIdentityProvider (2.23.2):
    - AWSCognitoIdentityProviderASF (= 2.23.2)
    - AWSCore (= 2.23.2)
  - AWSCognitoIdentityProviderASF (2.23.2)
  - AWSCore (2.23.2)
  - AWSMobileClient (2.23.2):
    - AWSAuthCore (= 2.23.2)
    - AWSCognitoIdentityProvider (= 2.23.2)
    - AWSCognitoIdentityProviderASF (= 2.23.2)
    - AWSCore (= 2.23.2)
  - AWSPluginsCore (1.7.2):
    - Amplify (= 1.7.2)
    - AWSCore (~> 2.23.0)
  - FloatingPanel (1.7.6)
  - Ipify (2.1.0)
  - JGProgressHUD (2.0.4)
  - KAPinField (5.0.1)
  - KeychainAccess (3.2.1)
  - OpenSSL-Apple (1.1.1j.11)
  - ReachabilitySwift (5.0.0)
  - SnapKit (5.0.1)
  - SwiftyBeaver (1.9.3)
  - SwiftyStoreKit (0.15.0)
  - TunnelKit (2.2.7):
    - TunnelKit/Protocols/OpenVPN (= 2.2.7)
  - TunnelKit/AppExtension (2.2.7):
    - SwiftyBeaver
    - TunnelKit/Core
  - TunnelKit/Core (2.2.7):
    - SwiftyBeaver
  - TunnelKit/Protocols/OpenVPN (2.2.7):
    - OpenSSL-Apple (~> 1.1.1g.6)
    - TunnelKit/AppExtension
    - TunnelKit/Core

DEPENDENCIES:
  - ActiveLabel (~> 1.1.0)
  - Alamofire
  - Amplify
  - AmplifyPlugins/AWSCognitoAuthPlugin
  - FloatingPanel (~> 1.7.2)
  - Ipify
  - JGProgressHUD (~> 2.0.3)
  - KAPinField
  - KeychainAccess (~> 3.2.0)
  - ReachabilitySwift (~> 5.0.0)
  - SnapKit (~> 5.0.1)
  - SwiftyStoreKit (~> 0.15.0)
  - TunnelKit (~> 2.2.7)

SPEC REPOS:
  trunk:
    - ActiveLabel
    - Alamofire
    - Amplify
    - AmplifyPlugins
    - AWSAuthCore
    - AWSCognitoIdentityProvider
    - AWSCognitoIdentityProviderASF
    - AWSCore
    - AWSMobileClient
    - AWSPluginsCore
    - FloatingPanel
    - Ipify
    - JGProgressHUD
    - KAPinField
    - KeychainAccess
    - OpenSSL-Apple
    - ReachabilitySwift
    - SnapKit
    - SwiftyBeaver
    - SwiftyStoreKit
    - TunnelKit

SPEC CHECKSUMS:
  ActiveLabel: 5e3f4de79a1952d4604b845a0610d4776e4b82b3
  Alamofire: bfbc4c2fe5909b1d94fb4ef2277c6b3727ef5dae
  Amplify: 254e40b21406cd8fb578cbeb96ce4921b996598e
  AmplifyPlugins: 5f3a4bc1bf725d225129b55be304287817c49a1f
  AWSAuthCore: 59770d4c2c1b3dbb183b95d1867e3584b4816e54
  AWSCognitoIdentityProvider: 5bd6988ea7c8f9ee43151e19bdd8e803558ad45f
  AWSCognitoIdentityProviderASF: 30ccb19228b6e743805bf15a72278ca9f399bc21
  AWSCore: 70f79e95ee30f8eefa7122391d76ace516778f22
  AWSMobileClient: 54fd215e76e34a8edb3cb1199788a69543cebc95
  AWSPluginsCore: 13d0f6c3a0af58a8f219c735048cdcc4222741f8
  FloatingPanel: 9016eac88f21ca9fce53f5709e1f49485c0c355e
  Ipify: 814952650290001bee4542db6fba63df128f77c2
  JGProgressHUD: 62658b14e72cccf179efc7a13bcb54d30b92fc22
  KAPinField: 24d85205115c1bb6aef8ff809944f41ac8c2785f
  KeychainAccess: d5470352939ced6d6f7fb51cb2e67aae51fc294f
  OpenSSL-Apple: bb7c9715a259404de040f5359ed3b3170cedf8d6
  ReachabilitySwift: 985039c6f7b23a1da463388634119492ff86c825
  SnapKit: 97b92857e3df3a0c71833cce143274bf6ef8e5eb
  SwiftyBeaver: 2e8acd6fc90c6d0a27055867a290794926d57c02
  SwiftyStoreKit: 033d06b6f87955405d3f844a18a7687c2438592a
  TunnelKit: cbd063b8b6f4f6a182cf48e646ff35cb2365bf91

PODFILE CHECKSUM: 2a217e900bf9e7bc846fc9d4189dd6a0d80a0419

COCOAPODS: 1.10.1
